
Microsoft Visual Studio Solution File, Format Version 12.00
# Visual Studio Version 17
VisualStudioVersion = 17.0.31903.59
MinimumVisualStudioVersion = 10.0.40219.1
Project("{FAE04EC0-301F-11D3-BF4B-00C04F79EFBC}") = "AgendamentoWpfApp", "AgendamentoWpfApp.csproj", "{6F5BD8B9-4291-474D-B6EF-E03A02354BD5}"
EndProject
Project("{FAE04EC0-301F-11D3-BF4B-00C04F79EFBC}") = "AgendamentoWpfApp.Tests", "AgendamentoWpfApp.Tests\AgendamentoWpfApp.Tests.csproj", "{C4F3E7E9-47BD-44F8-B0D2-65B8D56078B2}"
EndProject
Global
	GlobalSection(SolutionConfigurationPlatforms) = preSolution
		Debug|Any CPU = Debug|Any CPU
		Debug|x64 = Debug|x64
		Debug|x86 = Debug|x86
		Release|Any CPU = Release|Any CPU
		Release|x64 = Release|x64
		Release|x86 = Release|x86
	EndGlobalSection
	GlobalSection(ProjectConfigurationPlatforms) = postSolution
		{6F5BD8B9-4291-474D-B6EF-E03A02354BD5}.Debug|Any CPU.ActiveCfg = Debug|Any CPU
		{6F5BD8B9-4291-474D-B6EF-E03A02354BD5}.Debug|Any CPU.Build.0 = Debug|Any CPU
		{6F5BD8B9-4291-474D-B6EF-E03A02354BD5}.Debug|x64.ActiveCfg = Debug|Any CPU
		{6F5BD8B9-4291-474D-B6EF-E03A02354BD5}.Debug|x64.Build.0 = Debug|Any CPU
		{6F5BD8B9-4291-474D-B6EF-E03A02354BD5}.Debug|x86.ActiveCfg = Debug|Any CPU
		{6F5BD8B9-4291-474D-B6EF-E03A02354BD5}.Debug|x86.Build.0 = Debug|Any CPU
		{6F5BD8B9-4291-474D-B6EF-E03A02354BD5}.Release|Any CPU.ActiveCfg = Release|Any CPU
		{6F5BD8B9-4291-474D-B6EF-E03A02354BD5}.Release|Any CPU.Build.0 = Release|Any CPU
		{6F5BD8B9-4291-474D-B6EF-E03A02354BD5}.Release|x64.ActiveCfg = Release|Any CPU
		{6F5BD8B9-4291-474D-B6EF-E03A02354BD5}.Release|x64.Build.0 = Release|Any CPU
		{6F5BD8B9-4291-474D-B6EF-E03A02354BD5}.Release|x86.ActiveCfg = Release|Any CPU
		{6F5BD8B9-4291-474D-B6EF-E03A02354BD5}.Release|x86.Build.0 = Release|Any CPU
		{C4F3E7E9-47BD-44F8-B0D2-65B8D56078B2}.Debug|Any CPU.ActiveCfg = Debug|Any CPU
		{C4F3E7E9-47BD-44F8-B0D2-65B8D56078B2}.Debug|Any CPU.Build.0 = Debug|Any CPU
		{C4F3E7E9-47BD-44F8-B0D2-65B8D56078B2}.Debug|x64.ActiveCfg = Debug|Any CPU
		{C4F3E7E9-47BD-44F8-B0D2-65B8D56078B2}.Debug|x64.Build.0 = Debug|Any CPU
		{C4F3E7E9-47BD-44F8-B0D2-65B8D56078B2}.Debug|x86.ActiveCfg = Debug|Any CPU
		{C4F3E7E9-47BD-44F8-B0D2-65B8D56078B2}.Debug|x86.Build.0 = Debug|Any CPU
		{C4F3E7E9-47BD-44F8-B0D2-65B8D56078B2}.Release|Any CPU.ActiveCfg = Release|Any CPU
		{C4F3E7E9-47BD-44F8-B0D2-65B8D56078B2}.Release|Any CPU.Build.0 = Release|Any CPU
		{C4F3E7E9-47BD-44F8-B0D2-65B8D56078B2}.Release|x64.ActiveCfg = Release|Any CPU
		{C4F3E7E9-47BD-44F8-B0D2-65B8D56078B2}.Release|x64.Build.0 = Release|Any CPU
		{C4F3E7E9-47BD-44F8-B0D2-65B8D56078B2}.Release|x86.ActiveCfg = Release|Any CPU
		{C4F3E7E9-47BD-44F8-B0D2-65B8D56078B2}.Release|x86.Build.0 = Release|Any CPU
	EndGlobalSection
	GlobalSection(SolutionProperties) = preSolution
		HideSolutionNode = FALSE
	EndGlobalSection
EndGlobal
